// !$*UTF8*$!
{
	archiveVersion = 1;
	classes = {
	};
	objectVersion = 55;
	objects = {

/* Begin PBXBuildFile section */
		4B82C7854D3C097ACD721390 /* Pods_AquaponicMonitor.framework in Frameworks */ = {isa = PBXBuildFile; fileRef = A415066840EBDEA39A2DFAAF /* Pods_AquaponicMonitor.framework */; };
		D1BC89B427F79BB9002EC194 /* AquaponicMonitorApp.swift in Sources */ = {isa = PBXBuildFile; fileRef = D1BC89B327F79BB9002EC194 /* AquaponicMonitorApp.swift */; };
		D1BC89B627F79BB9002EC194 /* ContentView.swift in Sources */ = {isa = PBXBuildFile; fileRef = D1BC89B527F79BB9002EC194 /* ContentView.swift */; };
		D1BC89BB27F79BBA002EC194 /* Preview Assets.xcassets in Resources */ = {isa = PBXBuildFile; fileRef = D1BC89BA27F79BBA002EC194 /* Preview Assets.xcassets */; };
		D1BC89C427F79C18002EC194 /* Assets.xcassets in Resources */ = {isa = PBXBuildFile; fileRef = D1BC89C327F79C18002EC194 /* Assets.xcassets */; };
		F6097B9D27FE1B9400FBB040 /* GoogleService-Info.plist in Resources */ = {isa = PBXBuildFile; fileRef = F6F04AF627FB873100E9F860 /* GoogleService-Info.plist */; };
		F6776F7228060A3200D6B06A /* Model.swift in Sources */ = {isa = PBXBuildFile; fileRef = F6776F7128060A3200D6B06A /* Model.swift */; };
		F6BB82EE27FD24770079F529 /* FirebaseAnalytics in Frameworks */ = {isa = PBXBuildFile; productRef = F6BB82ED27FD24770079F529 /* FirebaseAnalytics */; };
		F6BB82F027FD24820079F529 /* FirebaseAuth in Frameworks */ = {isa = PBXBuildFile; productRef = F6BB82EF27FD24820079F529 /* FirebaseAuth */; };
		F6F04AF327FB7CAA00E9F860 /* Images.xcassets in Resources */ = {isa = PBXBuildFile; fileRef = F6F04AF227FB7CAA00E9F860 /* Images.xcassets */; };
		F6F1946E27FE52FC009AEB77 /* ReadDatabase.swift in Sources */ = {isa = PBXBuildFile; fileRef = F6F1946D27FE52FC009AEB77 /* ReadDatabase.swift */; };
		F6F3CCA427FF4CFD00CE4308 /* FirebaseDatabase in Frameworks */ = {isa = PBXBuildFile; productRef = F6F3CCA327FF4CFD00CE4308 /* FirebaseDatabase */; };
/* End PBXBuildFile section */

/* Begin PBXFileReference section */
		0938EACCABE6D1D4B1263AB9 /* Pods-AquaponicMonitor.debug.xcconfig */ = {isa = PBXFileReference; includeInIndex = 1; lastKnownFileType = text.xcconfig; name = "Pods-AquaponicMonitor.debug.xcconfig"; path = "Target Support Files/Pods-AquaponicMonitor/Pods-AquaponicMonitor.debug.xcconfig"; sourceTree = "<group>"; };
		67F18A1305F53FC6D6558CEB /* Pods-AquaponicMonitor.release.xcconfig */ = {isa = PBXFileReference; includeInIndex = 1; lastKnownFileType = text.xcconfig; name = "Pods-AquaponicMonitor.release.xcconfig"; path = "Target Support Files/Pods-AquaponicMonitor/Pods-AquaponicMonitor.release.xcconfig"; sourceTree = "<group>"; };
		A415066840EBDEA39A2DFAAF /* Pods_AquaponicMonitor.framework */ = {isa = PBXFileReference; explicitFileType = wrapper.framework; includeInIndex = 0; path = Pods_AquaponicMonitor.framework; sourceTree = BUILT_PRODUCTS_DIR; };
		D1BC89B027F79BB9002EC194 /* AquaponicMonitor.app */ = {isa = PBXFileReference; explicitFileType = wrapper.application; includeInIndex = 0; path = AquaponicMonitor.app; sourceTree = BUILT_PRODUCTS_DIR; };
		D1BC89B327F79BB9002EC194 /* AquaponicMonitorApp.swift */ = {isa = PBXFileReference; lastKnownFileType = sourcecode.swift; path = AquaponicMonitorApp.swift; sourceTree = "<group>"; };
		D1BC89B527F79BB9002EC194 /* ContentView.swift */ = {isa = PBXFileReference; lastKnownFileType = sourcecode.swift; path = ContentView.swift; sourceTree = "<group>"; };
		D1BC89BA27F79BBA002EC194 /* Preview Assets.xcassets */ = {isa = PBXFileReference; lastKnownFileType = folder.assetcatalog; path = "Preview Assets.xcassets"; sourceTree = "<group>"; };
		D1BC89C327F79C18002EC194 /* Assets.xcassets */ = {isa = PBXFileReference; lastKnownFileType = folder.assetcatalog; name = Assets.xcassets; path = ../../../../../Downloads/DashBoards/DashBoards/Assets.xcassets; sourceTree = "<group>"; };
		F6776F7128060A3200D6B06A /* Model.swift */ = {isa = PBXFileReference; lastKnownFileType = sourcecode.swift; path = Model.swift; sourceTree = "<group>"; };
		F67CFFAD27FFE55B00691B97 /* ViewController.swift */ = {isa = PBXFileReference; lastKnownFileType = sourcecode.swift; path = ViewController.swift; sourceTree = "<group>"; };
		F6BB82E927FD24330079F529 /* FirebaseAuth.framework */ = {isa = PBXFileReference; explicitFileType = wrapper.framework; path = FirebaseAuth.framework; sourceTree = BUILT_PRODUCTS_DIR; };
		F6F04AF127FB7C5C00E9F860 /* Info.plist */ = {isa = PBXFileReference; lastKnownFileType = text.plist; path = Info.plist; sourceTree = "<group>"; };
		F6F04AF227FB7CAA00E9F860 /* Images.xcassets */ = {isa = PBXFileReference; lastKnownFileType = folder.assetcatalog; path = Images.xcassets; sourceTree = "<group>"; };
		F6F04AF627FB873100E9F860 /* GoogleService-Info.plist */ = {isa = PBXFileReference; lastKnownFileType = text.plist.xml; path = "GoogleService-Info.plist"; sourceTree = "<group>"; };
		F6F1946D27FE52FC009AEB77 /* ReadDatabase.swift */ = {isa = PBXFileReference; lastKnownFileType = sourcecode.swift; path = ReadDatabase.swift; sourceTree = "<group>"; };
		F6F3CC9F27FF4CF000CE4308 /* FirebaseDatabase.framework */ = {isa = PBXFileReference; explicitFileType = wrapper.framework; path = FirebaseDatabase.framework; sourceTree = BUILT_PRODUCTS_DIR; };
/* End PBXFileReference section */

/* Begin PBXFrameworksBuildPhase section */
		D1BC89AD27F79BB9002EC194 /* Frameworks */ = {
			isa = PBXFrameworksBuildPhase;
			buildActionMask = 2147483647;
			files = (
				F6F3CCA427FF4CFD00CE4308 /* FirebaseDatabase in Frameworks */,
				F6BB82EE27FD24770079F529 /* FirebaseAnalytics in Frameworks */,
				F6BB82F027FD24820079F529 /* FirebaseAuth in Frameworks */,
				4B82C7854D3C097ACD721390 /* Pods_AquaponicMonitor.framework in Frameworks */,
			);
			runOnlyForDeploymentPostprocessing = 0;
		};
/* End PBXFrameworksBuildPhase section */

/* Begin PBXGroup section */
		6820F4DE2FD597A8B85D7509 /* Frameworks */ = {
			isa = PBXGroup;
			children = (
				F67CFFAD27FFE55B00691B97 /* ViewController.swift */,
				F6F3CC9F27FF4CF000CE4308 /* FirebaseDatabase.framework */,
				F6BB82E927FD24330079F529 /* FirebaseAuth.framework */,
				A415066840EBDEA39A2DFAAF /* Pods_AquaponicMonitor.framework */,
			);
			name = Frameworks;
			sourceTree = "<group>";
		};
		CEBED5F8658C94CA917E96DE /* Pods */ = {
			isa = PBXGroup;
			children = (
				0938EACCABE6D1D4B1263AB9 /* Pods-AquaponicMonitor.debug.xcconfig */,
				67F18A1305F53FC6D6558CEB /* Pods-AquaponicMonitor.release.xcconfig */,
			);
			path = Pods;
			sourceTree = "<group>";
		};
		D1BC89A727F79BB9002EC194 = {
			isa = PBXGroup;
			children = (
				D1BC89B227F79BB9002EC194 /* AquaponicMonitor */,
				D1BC89B127F79BB9002EC194 /* Products */,
				CEBED5F8658C94CA917E96DE /* Pods */,
				6820F4DE2FD597A8B85D7509 /* Frameworks */,
			);
			sourceTree = "<group>";
		};
		D1BC89B127F79BB9002EC194 /* Products */ = {
			isa = PBXGroup;
			children = (
				D1BC89B027F79BB9002EC194 /* AquaponicMonitor.app */,
			);
			name = Products;
			sourceTree = "<group>";
		};
		D1BC89B227F79BB9002EC194 /* AquaponicMonitor */ = {
			isa = PBXGroup;
			children = (
				F6F04AF627FB873100E9F860 /* GoogleService-Info.plist */,
				F6F04AF127FB7C5C00E9F860 /* Info.plist */,
				D1BC89B327F79BB9002EC194 /* AquaponicMonitorApp.swift */,
				D1BC89B527F79BB9002EC194 /* ContentView.swift */,
				D1BC89C327F79C18002EC194 /* Assets.xcassets */,
				D1BC89B927F79BBA002EC194 /* Preview Content */,
				F6F04AF227FB7CAA00E9F860 /* Images.xcassets */,
				F6F1946D27FE52FC009AEB77 /* ReadDatabase.swift */,
				F6776F7128060A3200D6B06A /* Model.swift */,
			);
			path = AquaponicMonitor;
			sourceTree = "<group>";
		};
		D1BC89B927F79BBA002EC194 /* Preview Content */ = {
			isa = PBXGroup;
			children = (
				D1BC89BA27F79BBA002EC194 /* Preview Assets.xcassets */,
			);
			path = "Preview Content";
			sourceTree = "<group>";
		};
/* End PBXGroup section */

/* Begin PBXNativeTarget section */
		D1BC89AF27F79BB9002EC194 /* AquaponicMonitor */ = {
			isa = PBXNativeTarget;
			buildConfigurationList = D1BC89BE27F79BBA002EC194 /* Build configuration list for PBXNativeTarget "AquaponicMonitor" */;
			buildPhases = (
				E226AF89F6F66D5B9FF6F146 /* [CP] Check Pods Manifest.lock */,
				D1BC89AC27F79BB9002EC194 /* Sources */,
				D1BC89AD27F79BB9002EC194 /* Frameworks */,
				D1BC89AE27F79BB9002EC194 /* Resources */,
				82EE5A1861AA27894318835B /* [CP] Embed Pods Frameworks */,
			);
			buildRules = (
			);
			dependencies = (
			);
			name = AquaponicMonitor;
			packageProductDependencies = (
				F6BB82ED27FD24770079F529 /* FirebaseAnalytics */,
				F6BB82EF27FD24820079F529 /* FirebaseAuth */,
				F6F3CCA327FF4CFD00CE4308 /* FirebaseDatabase */,
			);
			productName = AquaponicMonitor;
			productReference = D1BC89B027F79BB9002EC194 /* AquaponicMonitor.app */;
			productType = "com.apple.product-type.application";
		};
/* End PBXNativeTarget section */

/* Begin PBXProject section */
		D1BC89A827F79BB9002EC194 /* Project object */ = {
			isa = PBXProject;
			attributes = {
				BuildIndependentTargetsInParallel = 1;
				LastSwiftUpdateCheck = 1330;
				LastUpgradeCheck = 1330;
				TargetAttributes = {
					D1BC89AF27F79BB9002EC194 = {
						CreatedOnToolsVersion = 13.3;
					};
				};
			};
			buildConfigurationList = D1BC89AB27F79BB9002EC194 /* Build configuration list for PBXProject "AquaponicMonitor" */;
			compatibilityVersion = "Xcode 13.0";
			developmentRegion = en;
			hasScannedForEncodings = 0;
			knownRegions = (
				en,
				Base,
			);
			mainGroup = D1BC89A727F79BB9002EC194;
			packageReferences = (
				F6F04AF727FB886600E9F860 /* XCRemoteSwiftPackageReference "firebase-ios-sdk" */,
			);
			productRefGroup = D1BC89B127F79BB9002EC194 /* Products */;
			projectDirPath = "";
			projectRoot = "";
			targets = (
				D1BC89AF27F79BB9002EC194 /* AquaponicMonitor */,
			);
		};
/* End PBXProject section */

/* Begin PBXResourcesBuildPhase section */
		D1BC89AE27F79BB9002EC194 /* Resources */ = {
			isa = PBXResourcesBuildPhase;
			buildActionMask = 2147483647;
			files = (
				F6F04AF327FB7CAA00E9F860 /* Images.xcassets in Resources */,
				F6097B9D27FE1B9400FBB040 /* GoogleService-Info.plist in Resources */,
				D1BC89BB27F79BBA002EC194 /* Preview Assets.xcassets in Resources */,
				D1BC89C427F79C18002EC194 /* Assets.xcassets in Resources */,
			);
			runOnlyForDeploymentPostprocessing = 0;
		};
/* End PBXResourcesBuildPhase section */

/* Begin PBXShellScriptBuildPhase section */
		82EE5A1861AA27894318835B /* [CP] Embed Pods Frameworks */ = {
			isa = PBXShellScriptBuildPhase;
			buildActionMask = 2147483647;
			files = (
			);
			inputFileListPaths = (
				"${PODS_ROOT}/Target Support Files/Pods-AquaponicMonitor/Pods-AquaponicMonitor-frameworks-${CONFIGURATION}-input-files.xcfilelist",
			);
			name = "[CP] Embed Pods Frameworks";
			outputFileListPaths = (
				"${PODS_ROOT}/Target Support Files/Pods-AquaponicMonitor/Pods-AquaponicMonitor-frameworks-${CONFIGURATION}-output-files.xcfilelist",
			);
			runOnlyForDeploymentPostprocessing = 0;
			shellPath = /bin/sh;
			shellScript = "\"${PODS_ROOT}/Target Support Files/Pods-AquaponicMonitor/Pods-AquaponicMonitor-frameworks.sh\"\n";
			showEnvVarsInLog = 0;
		};
		E226AF89F6F66D5B9FF6F146 /* [CP] Check Pods Manifest.lock */ = {
			isa = PBXShellScriptBuildPhase;
			buildActionMask = 2147483647;
			files = (
			);
			inputFileListPaths = (
			);
			inputPaths = (
				"${PODS_PODFILE_DIR_PATH}/Podfile.lock",
				"${PODS_ROOT}/Manifest.lock",
			);
			name = "[CP] Check Pods Manifest.lock";
			outputFileListPaths = (
			);
			outputPaths = (
				"$(DERIVED_FILE_DIR)/Pods-AquaponicMonitor-checkManifestLockResult.txt",
			);
			runOnlyForDeploymentPostprocessing = 0;
			shellPath = /bin/sh;
			shellScript = "diff \"${PODS_PODFILE_DIR_PATH}/Podfile.lock\" \"${PODS_ROOT}/Manifest.lock\" > /dev/null\nif [ $? != 0 ] ; then\n    # print error to STDERR\n    echo \"error: The sandbox is not in sync with the Podfile.lock. Run 'pod install' or update your CocoaPods installation.\" >&2\n    exit 1\nfi\n# This output is used by Xcode 'outputs' to avoid re-running this script phase.\necho \"SUCCESS\" > \"${SCRIPT_OUTPUT_FILE_0}\"\n";
			showEnvVarsInLog = 0;
		};
/* End PBXShellScriptBuildPhase section */

/* Begin PBXSourcesBuildPhase section */
		D1BC89AC27F79BB9002EC194 /* Sources */ = {
			isa = PBXSourcesBuildPhase;
			buildActionMask = 2147483647;
			files = (
				F6776F7228060A3200D6B06A /* Model.swift in Sources */,
				F6F1946E27FE52FC009AEB77 /* ReadDatabase.swift in Sources */,
				D1BC89B627F79BB9002EC194 /* ContentView.swift in Sources */,
				D1BC89B427F79BB9002EC194 /* AquaponicMonitorApp.swift in Sources */,
			);
			runOnlyForDeploymentPostprocessing = 0;
		};
/* End PBXSourcesBuildPhase section */

/* Begin XCBuildConfiguration section */
		D1BC89BC27F79BBA002EC194 /* Debug */ = {
			isa = XCBuildConfiguration;
			buildSettings = {
				ALWAYS_SEARCH_USER_PATHS = NO;
				CLANG_ANALYZER_NONNULL = YES;
				CLANG_ANALYZER_NUMBER_OBJECT_CONVERSION = YES_AGGRESSIVE;
				CLANG_CXX_LANGUAGE_STANDARD = "gnu++17";
				CLANG_ENABLE_MODULES = YES;
				CLANG_ENABLE_OBJC_ARC = YES;
				CLANG_ENABLE_OBJC_WEAK = YES;
				CLANG_WARN_BLOCK_CAPTURE_AUTORELEASING = YES;
				CLANG_WARN_BOOL_CONVERSION = YES;
				CLANG_WARN_COMMA = YES;
				CLANG_WARN_CONSTANT_CONVERSION = YES;
				CLANG_WARN_DEPRECATED_OBJC_IMPLEMENTATIONS = YES;
				CLANG_WARN_DIRECT_OBJC_ISA_USAGE = YES_ERROR;
				CLANG_WARN_DOCUMENTATION_COMMENTS = YES;
				CLANG_WARN_EMPTY_BODY = YES;
				CLANG_WARN_ENUM_CONVERSION = YES;
				CLANG_WARN_INFINITE_RECURSION = YES;
				CLANG_WARN_INT_CONVERSION = YES;
				CLANG_WARN_NON_LITERAL_NULL_CONVERSION = YES;
				CLANG_WARN_OBJC_IMPLICIT_RETAIN_SELF = YES;
				CLANG_WARN_OBJC_LITERAL_CONVERSION = YES;
				CLANG_WARN_OBJC_ROOT_CLASS = YES_ERROR;
				CLANG_WARN_QUOTED_INCLUDE_IN_FRAMEWORK_HEADER = YES;
				CLANG_WARN_RANGE_LOOP_ANALYSIS = YES;
				CLANG_WARN_STRICT_PROTOTYPES = YES;
				CLANG_WARN_SUSPICIOUS_MOVE = YES;
				CLANG_WARN_UNGUARDED_AVAILABILITY = YES_AGGRESSIVE;
				CLANG_WARN_UNREACHABLE_CODE = YES;
				CLANG_WARN__DUPLICATE_METHOD_MATCH = YES;
				COPY_PHASE_STRIP = NO;
				DEBUG_INFORMATION_FORMAT = dwarf;
				ENABLE_STRICT_OBJC_MSGSEND = YES;
				ENABLE_TESTABILITY = YES;
				GCC_C_LANGUAGE_STANDARD = gnu11;
				GCC_DYNAMIC_NO_PIC = NO;
				GCC_NO_COMMON_BLOCKS = YES;
				GCC_OPTIMIZATION_LEVEL = 0;
				GCC_PREPROCESSOR_DEFINITIONS = (
					"DEBUG=1",
					"$(inherited)",
				);
				GCC_WARN_64_TO_32_BIT_CONVERSION = YES;
				GCC_WARN_ABOUT_RETURN_TYPE = YES_ERROR;
				GCC_WARN_UNDECLARED_SELECTOR = YES;
				GCC_WARN_UNINITIALIZED_AUTOS = YES_AGGRESSIVE;
				GCC_WARN_UNUSED_FUNCTION = YES;
				GCC_WARN_UNUSED_VARIABLE = YES;
				IPHONEOS_DEPLOYMENT_TARGET = 15.4;
				MTL_ENABLE_DEBUG_INFO = INCLUDE_SOURCE;
				MTL_FAST_MATH = YES;
				ONLY_ACTIVE_ARCH = YES;
				SDKROOT = iphoneos;
				SWIFT_ACTIVE_COMPILATION_CONDITIONS = DEBUG;
				SWIFT_OPTIMIZATION_LEVEL = "-Onone";
			};
			name = Debug;
		};
		D1BC89BD27F79BBA002EC194 /* Release */ = {
			isa = XCBuildConfiguration;
			buildSettings = {
				ALWAYS_SEARCH_USER_PATHS = NO;
				CLANG_ANALYZER_NONNULL = YES;
				CLANG_ANALYZER_NUMBER_OBJECT_CONVERSION = YES_AGGRESSIVE;
				CLANG_CXX_LANGUAGE_STANDARD = "gnu++17";
				CLANG_ENABLE_MODULES = YES;
				CLANG_ENABLE_OBJC_ARC = YES;
				CLANG_ENABLE_OBJC_WEAK = YES;
				CLANG_WARN_BLOCK_CAPTURE_AUTORELEASING = YES;
				CLANG_WARN_BOOL_CONVERSION = YES;
				CLANG_WARN_COMMA = YES;
				CLANG_WARN_CONSTANT_CONVERSION = YES;
				CLANG_WARN_DEPRECATED_OBJC_IMPLEMENTATIONS = YES;
				CLANG_WARN_DIRECT_OBJC_ISA_USAGE = YES_ERROR;
				CLANG_WARN_DOCUMENTATION_COMMENTS = YES;
				CLANG_WARN_EMPTY_BODY = YES;
				CLANG_WARN_ENUM_CONVERSION = YES;
				CLANG_WARN_INFINITE_RECURSION = YES;
				CLANG_WARN_INT_CONVERSION = YES;
				CLANG_WARN_NON_LITERAL_NULL_CONVERSION = YES;
				CLANG_WARN_OBJC_IMPLICIT_RETAIN_SELF = YES;
				CLANG_WARN_OBJC_LITERAL_CONVERSION = YES;
				CLANG_WARN_OBJC_ROOT_CLASS = YES_ERROR;
				CLANG_WARN_QUOTED_INCLUDE_IN_FRAMEWORK_HEADER = YES;
				CLANG_WARN_RANGE_LOOP_ANALYSIS = YES;
				CLANG_WARN_STRICT_PROTOTYPES = YES;
				CLANG_WARN_SUSPICIOUS_MOVE = YES;
				CLANG_WARN_UNGUARDED_AVAILABILITY = YES_AGGRESSIVE;
				CLANG_WARN_UNREACHABLE_CODE = YES;
				CLANG_WARN__DUPLICATE_METHOD_MATCH = YES;
				COPY_PHASE_STRIP = NO;
				DEBUG_INFORMATION_FORMAT = "dwarf-with-dsym";
				ENABLE_NS_ASSERTIONS = NO;
				ENABLE_STRICT_OBJC_MSGSEND = YES;
				GCC_C_LANGUAGE_STANDARD = gnu11;
				GCC_NO_COMMON_BLOCKS = YES;
				GCC_WARN_64_TO_32_BIT_CONVERSION = YES;
				GCC_WARN_ABOUT_RETURN_TYPE = YES_ERROR;
				GCC_WARN_UNDECLARED_SELECTOR = YES;
				GCC_WARN_UNINITIALIZED_AUTOS = YES_AGGRESSIVE;
				GCC_WARN_UNUSED_FUNCTION = YES;
				GCC_WARN_UNUSED_VARIABLE = YES;
				IPHONEOS_DEPLOYMENT_TARGET = 15.4;
				MTL_ENABLE_DEBUG_INFO = NO;
				MTL_FAST_MATH = YES;
				SDKROOT = iphoneos;
				SWIFT_COMPILATION_MODE = wholemodule;
				SWIFT_OPTIMIZATION_LEVEL = "-O";
				VALIDATE_PRODUCT = YES;
			};
			name = Release;
		};
		D1BC89BF27F79BBA002EC194 /* Debug */ = {
			isa = XCBuildConfiguration;
			baseConfigurationReference = 0938EACCABE6D1D4B1263AB9 /* Pods-AquaponicMonitor.debug.xcconfig */;
			buildSettings = {
				ASSETCATALOG_COMPILER_APPICON_NAME = AppIcon;
				ASSETCATALOG_COMPILER_GLOBAL_ACCENT_COLOR_NAME = AccentColor;
				CODE_SIGN_STYLE = Automatic;
				CURRENT_PROJECT_VERSION = 1;
				DEVELOPMENT_ASSET_PATHS = "\"AquaponicMonitor/Preview Content\"";
				ENABLE_PREVIEWS = YES;
				GENERATE_INFOPLIST_FILE = YES;
				INFOPLIST_FILE = AquaponicMonitor/Info.plist;
				INFOPLIST_KEY_UIApplicationSceneManifest_Generation = YES;
				INFOPLIST_KEY_UIApplicationSupportsIndirectInputEvents = YES;
				INFOPLIST_KEY_UILaunchScreen_Generation = YES;
				INFOPLIST_KEY_UISupportedInterfaceOrientations_iPad = "UIInterfaceOrientationPortrait UIInterfaceOrientationPortraitUpsideDown UIInterfaceOrientationLandscapeLeft UIInterfaceOrientationLandscapeRight";
				INFOPLIST_KEY_UISupportedInterfaceOrientations_iPhone = "UIInterfaceOrientationPortrait UIInterfaceOrientationLandscapeLeft UIInterfaceOrientationLandscapeRight";
				LD_RUNPATH_SEARCH_PATHS = (
					"$(inherited)",
					"@executable_path/Frameworks",
				);
				MARKETING_VERSION = 1.0;
				PRODUCT_BUNDLE_IDENTIFIER = com.yarbro.AquaponicMonitor;
				PRODUCT_NAME = "$(TARGET_NAME)";
				SWIFT_EMIT_LOC_STRINGS = YES;
				SWIFT_VERSION = 5.0;
				TARGETED_DEVICE_FAMILY = "1,2";
			};
			name = Debug;
		};
		D1BC89C027F79BBA002EC194 /* Release */ = {
			isa = XCBuildConfiguration;
			baseConfigurationReference = 67F18A1305F53FC6D6558CEB /* Pods-AquaponicMonitor.release.xcconfig */;
			buildSettings = {
				ASSETCATALOG_COMPILER_APPICON_NAME = AppIcon;
				ASSETCATALOG_COMPILER_GLOBAL_ACCENT_COLOR_NAME = AccentColor;
				CODE_SIGN_STYLE = Automatic;
				CURRENT_PROJECT_VERSION = 1;
				DEVELOPMENT_ASSET_PATHS = "\"AquaponicMonitor/Preview Content\"";
				ENABLE_PREVIEWS = YES;
				GENERATE_INFOPLIST_FILE = YES;
				INFOPLIST_FILE = AquaponicMonitor/Info.plist;
				INFOPLIST_KEY_UIApplicationSceneManifest_Generation = YES;
				INFOPLIST_KEY_UIApplicationSupportsIndirectInputEvents = YES;
				INFOPLIST_KEY_UILaunchScreen_Generation = YES;
				INFOPLIST_KEY_UISupportedInterfaceOrientations_iPad = "UIInterfaceOrientationPortrait UIInterfaceOrientationPortraitUpsideDown UIInterfaceOrientationLandscapeLeft UIInterfaceOrientationLandscapeRight";
				INFOPLIST_KEY_UISupportedInterfaceOrientations_iPhone = "UIInterfaceOrientationPortrait UIInterfaceOrientationLandscapeLeft UIInterfaceOrientationLandscapeRight";
				LD_RUNPATH_SEARCH_PATHS = (
					"$(inherited)",
					"@executable_path/Frameworks",
				);
				MARKETING_VERSION = 1.0;
				PRODUCT_BUNDLE_IDENTIFIER = com.yarbro.AquaponicMonitor;
				PRODUCT_NAME = "$(TARGET_NAME)";
				SWIFT_EMIT_LOC_STRINGS = YES;
				SWIFT_VERSION = 5.0;
				TARGETED_DEVICE_FAMILY = "1,2";
			};
			name = Release;
		};
/* End XCBuildConfiguration section */

/* Begin XCConfigurationList section */
		D1BC89AB27F79BB9002EC194 /* Build configuration list for PBXProject "AquaponicMonitor" */ = {
			isa = XCConfigurationList;
			buildConfigurations = (
				D1BC89BC27F79BBA002EC194 /* Debug */,
				D1BC89BD27F79BBA002EC194 /* Release */,
			);
			defaultConfigurationIsVisible = 0;
			defaultConfigurationName = Release;
		};
		D1BC89BE27F79BBA002EC194 /* Build configuration list for PBXNativeTarget "AquaponicMonitor" */ = {
			isa = XCConfigurationList;
			buildConfigurations = (
				D1BC89BF27F79BBA002EC194 /* Debug */,
				D1BC89C027F79BBA002EC194 /* Release */,
			);
			defaultConfigurationIsVisible = 0;
			defaultConfigurationName = Release;
		};
/* End XCConfigurationList section */

/* Begin XCRemoteSwiftPackageReference section */
		F6F04AF727FB886600E9F860 /* XCRemoteSwiftPackageReference "firebase-ios-sdk" */ = {
			isa = XCRemoteSwiftPackageReference;
			repositoryURL = "https://github.com/firebase/firebase-ios-sdk";
			requirement = {
				kind = upToNextMajorVersion;
				minimumVersion = 8.0.0;
			};
		};
/* End XCRemoteSwiftPackageReference section */

/* Begin XCSwiftPackageProductDependency section */
		F6BB82ED27FD24770079F529 /* FirebaseAnalytics */ = {
			isa = XCSwiftPackageProductDependency;
			package = F6F04AF727FB886600E9F860 /* XCRemoteSwiftPackageReference "firebase-ios-sdk" */;
			productName = FirebaseAnalytics;
		};
		F6BB82EF27FD24820079F529 /* FirebaseAuth */ = {
			isa = XCSwiftPackageProductDependency;
			package = F6F04AF727FB886600E9F860 /* XCRemoteSwiftPackageReference "firebase-ios-sdk" */;
			productName = FirebaseAuth;
		};
		F6F3CCA327FF4CFD00CE4308 /* FirebaseDatabase */ = {
			isa = XCSwiftPackageProductDependency;
			package = F6F04AF727FB886600E9F860 /* XCRemoteSwiftPackageReference "firebase-ios-sdk" */;
			productName = FirebaseDatabase;
		};
/* End XCSwiftPackageProductDependency section */
	};
	rootObject = D1BC89A827F79BB9002EC194 /* Project object */;
}
